
Microsoft Visual Studio Solution File, Format Version 12.00
# Visual Studio Version 17
VisualStudioVersion = 17.9.34728.123
MinimumVisualStudioVersion = 10.0.40219.1
Project("{9A19103F-16F7-4668-BE54-9A1E7A4F7556}") = "kanavrt", "kanavrt.csproj", "{185098C8-5C99-441B-86B8-1303E0004746}"
EndProject
Project("{FAE04EC0-301F-11D3-BF4B-00C04F79EFBC}") = "tests", "..\tests\tests.csproj", "{41592E76-5CDB-469C-A057-A991DDF712EF}"
EndProject
Global
	GlobalSection(SolutionConfigurationPlatforms) = preSolution
		Debug|Any CPU = Debug|Any CPU
		Release|Any CPU = Release|Any CPU
	EndGlobalSection
	GlobalSection(ProjectConfigurationPlatforms) = postSolution
		{185098C8-5C99-441B-86B8-1303E0004746}.Debug|Any CPU.ActiveCfg = Debug|Any CPU
		{185098C8-5C99-441B-86B8-1303E0004746}.Debug|Any CPU.Build.0 = Debug|Any CPU
		{185098C8-5C99-441B-86B8-1303E0004746}.Release|Any CPU.ActiveCfg = Release|Any CPU
		{185098C8-5C99-441B-86B8-1303E0004746}.Release|Any CPU.Build.0 = Release|Any CPU
		{41592E76-5CDB-469C-A057-A991DDF712EF}.Debug|Any CPU.ActiveCfg = Debug|Any CPU
		{41592E76-5CDB-469C-A057-A991DDF712EF}.Debug|Any CPU.Build.0 = Debug|Any CPU
		{41592E76-5CDB-469C-A057-A991DDF712EF}.Release|Any CPU.ActiveCfg = Release|Any CPU
		{41592E76-5CDB-469C-A057-A991DDF712EF}.Release|Any CPU.Build.0 = Release|Any CPU
	EndGlobalSection
	GlobalSection(SolutionProperties) = preSolution
		HideSolutionNode = FALSE
	EndGlobalSection
	GlobalSection(ExtensibilityGlobals) = postSolution
		SolutionGuid = {89C99210-D916-477E-BD34-8A4B975D2F29}
	EndGlobalSection
EndGlobal
